
Microsoft Visual Studio Solution File, Format Version 12.00
Project("{FAE04EC0-301F-11D3-BF4B-00C04F79EFBC}") = "DomsUtils", "DomsUtils\DomsUtils.csproj", "{695F09C4-F4B7-48EF-A702-408CE326A1F2}"
EndProject
Project("{FAE04EC0-301F-11D3-BF4B-00C04F79EFBC}") = "DomsUtils.Tests", "DomsUtils.Tests\DomsUtils.Tests.csproj", "{9C9B13EA-C9EA-4E98-997B-67AA6660954E}"
EndProject
Global
	GlobalSection(SolutionConfigurationPlatforms) = preSolution
		Debug|Any CPU = Debug|Any CPU
		Release|Any CPU = Release|Any CPU
	EndGlobalSection
	GlobalSection(ProjectConfigurationPlatforms) = postSolution
		{695F09C4-F4B7-48EF-A702-408CE326A1F2}.Debug|Any CPU.ActiveCfg = Debug|Any CPU
		{695F09C4-F4B7-48EF-A702-408CE326A1F2}.Debug|Any CPU.Build.0 = Debug|Any CPU
		{695F09C4-F4B7-48EF-A702-408CE326A1F2}.Release|Any CPU.ActiveCfg = Release|Any CPU
		{695F09C4-F4B7-48EF-A702-408CE326A1F2}.Release|Any CPU.Build.0 = Release|Any CPU
		{9C9B13EA-C9EA-4E98-997B-67AA6660954E}.Debug|Any CPU.ActiveCfg = Debug|Any CPU
		{9C9B13EA-C9EA-4E98-997B-67AA6660954E}.Debug|Any CPU.Build.0 = Debug|Any CPU
		{9C9B13EA-C9EA-4E98-997B-67AA6660954E}.Release|Any CPU.ActiveCfg = Release|Any CPU
		{9C9B13EA-C9EA-4E98-997B-67AA6660954E}.Release|Any CPU.Build.0 = Release|Any CPU
	EndGlobalSection
EndGlobal
